// !$*UTF8*$!
{
	archiveVersion = 1;
	classes = {
	};
	objectVersion = 50;
	objects = {

/* Begin PBXBuildFile section */
		FE2F8A232573CDA8008743CF /* CollectionViewController.swift in Sources */ = {isa = PBXBuildFile; fileRef = FE2F8A222573CDA8008743CF /* CollectionViewController.swift */; };
		FE2F8A262573D01B008743CF /* TableViewCell.swift in Sources */ = {isa = PBXBuildFile; fileRef = FE2F8A252573D01B008743CF /* TableViewCell.swift */; };
		FE51FE212572A7D50085FC93 /* AppDelegate.swift in Sources */ = {isa = PBXBuildFile; fileRef = FE51FE202572A7D50085FC93 /* AppDelegate.swift */; };
		FE51FE232572A7D50085FC93 /* SceneDelegate.swift in Sources */ = {isa = PBXBuildFile; fileRef = FE51FE222572A7D50085FC93 /* SceneDelegate.swift */; };
		FE51FE252572A7D50085FC93 /* ViewController.swift in Sources */ = {isa = PBXBuildFile; fileRef = FE51FE242572A7D50085FC93 /* ViewController.swift */; };
		FE51FE282572A7D50085FC93 /* Main.storyboard in Resources */ = {isa = PBXBuildFile; fileRef = FE51FE262572A7D50085FC93 /* Main.storyboard */; };
		FE51FE2A2572A7D50085FC93 /* Assets.xcassets in Resources */ = {isa = PBXBuildFile; fileRef = FE51FE292572A7D50085FC93 /* Assets.xcassets */; };
		FE51FE2D2572A7D50085FC93 /* LaunchScreen.storyboard in Resources */ = {isa = PBXBuildFile; fileRef = FE51FE2B2572A7D50085FC93 /* LaunchScreen.storyboard */; };
		FEAFE9F42573E24F0066F9B4 /* CollectionViewCell.swift in Sources */ = {isa = PBXBuildFile; fileRef = FEAFE9F22573E24F0066F9B4 /* CollectionViewCell.swift */; };
		FEAFE9F52573E24F0066F9B4 /* CollectionViewCell.xib in Resources */ = {isa = PBXBuildFile; fileRef = FEAFE9F32573E24F0066F9B4 /* CollectionViewCell.xib */; };
/* End PBXBuildFile section */

/* Begin PBXFileReference section */
		FE2F8A222573CDA8008743CF /* CollectionViewController.swift */ = {isa = PBXFileReference; lastKnownFileType = sourcecode.swift; path = CollectionViewController.swift; sourceTree = "<group>"; };
		FE2F8A252573D01B008743CF /* TableViewCell.swift */ = {isa = PBXFileReference; lastKnownFileType = sourcecode.swift; path = TableViewCell.swift; sourceTree = "<group>"; };
		FE51FE1D2572A7D50085FC93 /* Lesson 5.app */ = {isa = PBXFileReference; explicitFileType = wrapper.application; includeInIndex = 0; path = "Lesson 5.app"; sourceTree = BUILT_PRODUCTS_DIR; };
		FE51FE202572A7D50085FC93 /* AppDelegate.swift */ = {isa = PBXFileReference; lastKnownFileType = sourcecode.swift; path = AppDelegate.swift; sourceTree = "<group>"; };
		FE51FE222572A7D50085FC93 /* SceneDelegate.swift */ = {isa = PBXFileReference; lastKnownFileType = sourcecode.swift; path = SceneDelegate.swift; sourceTree = "<group>"; };
		FE51FE242572A7D50085FC93 /* ViewController.swift */ = {isa = PBXFileReference; lastKnownFileType = sourcecode.swift; path = ViewController.swift; sourceTree = "<group>"; };
		FE51FE272572A7D50085FC93 /* Base */ = {isa = PBXFileReference; lastKnownFileType = file.storyboard; name = Base; path = Base.lproj/Main.storyboard; sourceTree = "<group>"; };
		FE51FE292572A7D50085FC93 /* Assets.xcassets */ = {isa = PBXFileReference; lastKnownFileType = folder.assetcatalog; path = Assets.xcassets; sourceTree = "<group>"; };
		FE51FE2C2572A7D50085FC93 /* Base */ = {isa = PBXFileReference; lastKnownFileType = file.storyboard; name = Base; path = Base.lproj/LaunchScreen.storyboard; sourceTree = "<group>"; };
		FE51FE2E2572A7D50085FC93 /* Info.plist */ = {isa = PBXFileReference; lastKnownFileType = text.plist.xml; path = Info.plist; sourceTree = "<group>"; };
		FEAFE9F22573E24F0066F9B4 /* CollectionViewCell.swift */ = {isa = PBXFileReference; lastKnownFileType = sourcecode.swift; path = CollectionViewCell.swift; sourceTree = "<group>"; };
		FEAFE9F32573E24F0066F9B4 /* CollectionViewCell.xib */ = {isa = PBXFileReference; lastKnownFileType = file.xib; path = CollectionViewCell.xib; sourceTree = "<group>"; };
/* End PBXFileReference section */

/* Begin PBXFrameworksBuildPhase section */
		FE51FE1A2572A7D50085FC93 /* Frameworks */ = {
			isa = PBXFrameworksBuildPhase;
			buildActionMask = 2147483647;
			files = (
			);
			runOnlyForDeploymentPostprocessing = 0;
		};
/* End PBXFrameworksBuildPhase section */

/* Begin PBXGroup section */
		FE51FE142572A7D50085FC93 = {
			isa = PBXGroup;
			children = (
				FE51FE1F2572A7D50085FC93 /* Lesson 5 */,
				FE51FE1E2572A7D50085FC93 /* Products */,
			);
			sourceTree = "<group>";
		};
		FE51FE1E2572A7D50085FC93 /* Products */ = {
			isa = PBXGroup;
			children = (
				FE51FE1D2572A7D50085FC93 /* Lesson 5.app */,
			);
			name = Products;
			sourceTree = "<group>";
		};
		FE51FE1F2572A7D50085FC93 /* Lesson 5 */ = {
			isa = PBXGroup;
			children = (
				FE51FE202572A7D50085FC93 /* AppDelegate.swift */,
				FE51FE222572A7D50085FC93 /* SceneDelegate.swift */,
				FE51FE242572A7D50085FC93 /* ViewController.swift */,
				FE2F8A252573D01B008743CF /* TableViewCell.swift */,
				FE51FE262572A7D50085FC93 /* Main.storyboard */,
				FE51FE292572A7D50085FC93 /* Assets.xcassets */,
				FE51FE2B2572A7D50085FC93 /* LaunchScreen.storyboard */,
				FE51FE2E2572A7D50085FC93 /* Info.plist */,
				FE2F8A222573CDA8008743CF /* CollectionViewController.swift */,
				FEAFE9F22573E24F0066F9B4 /* CollectionViewCell.swift */,
				FEAFE9F32573E24F0066F9B4 /* CollectionViewCell.xib */,
			);
			path = "Lesson 5";
			sourceTree = "<group>";
		};
/* End PBXGroup section */

/* Begin PBXNativeTarget section */
		FE51FE1C2572A7D50085FC93 /* Lesson 5 */ = {
			isa = PBXNativeTarget;
			buildConfigurationList = FE51FE312572A7D50085FC93 /* Build configuration list for PBXNativeTarget "Lesson 5" */;
			buildPhases = (
				FE51FE192572A7D50085FC93 /* Sources */,
				FE51FE1A2572A7D50085FC93 /* Frameworks */,
				FE51FE1B2572A7D50085FC93 /* Resources */,
			);
			buildRules = (
			);
			dependencies = (
			);
			name = "Lesson 5";
			productName = "Lesson 5";
			productReference = FE51FE1D2572A7D50085FC93 /* Lesson 5.app */;
			productType = "com.apple.product-type.application";
		};
/* End PBXNativeTarget section */

/* Begin PBXProject section */
		FE51FE152572A7D50085FC93 /* Project object */ = {
			isa = PBXProject;
			attributes = {
				LastSwiftUpdateCheck = 1220;
				LastUpgradeCheck = 1220;
				TargetAttributes = {
					FE51FE1C2572A7D50085FC93 = {
						CreatedOnToolsVersion = 12.2;
					};
				};
			};
			buildConfigurationList = FE51FE182572A7D50085FC93 /* Build configuration list for PBXProject "Lesson 5" */;
			compatibilityVersion = "Xcode 9.3";
			developmentRegion = en;
			hasScannedForEncodings = 0;
			knownRegions = (
				en,
				Base,
			);
			mainGroup = FE51FE142572A7D50085FC93;
			productRefGroup = FE51FE1E2572A7D50085FC93 /* Products */;
			projectDirPath = "";
			projectRoot = "";
			targets = (
				FE51FE1C2572A7D50085FC93 /* Lesson 5 */,
			);
		};
/* End PBXProject section */

/* Begin PBXResourcesBuildPhase section */
		FE51FE1B2572A7D50085FC93 /* Resources */ = {
			isa = PBXResourcesBuildPhase;
			buildActionMask = 2147483647;
			files = (
				FE51FE2D2572A7D50085FC93 /* LaunchScreen.storyboard in Resources */,
				FE51FE2A2572A7D50085FC93 /* Assets.xcassets in Resources */,
				FEAFE9F52573E24F0066F9B4 /* CollectionViewCell.xib in Resources */,
				FE51FE282572A7D50085FC93 /* Main.storyboard in Resources */,
			);
			runOnlyForDeploymentPostprocessing = 0;
		};
/* End PBXResourcesBuildPhase section */

/* Begin PBXSourcesBuildPhase section */
		FE51FE192572A7D50085FC93 /* Sources */ = {
			isa = PBXSourcesBuildPhase;
			buildActionMask = 2147483647;
			files = (
				FE2F8A262573D01B008743CF /* TableViewCell.swift in Sources */,
				FE2F8A232573CDA8008743CF /* CollectionViewController.swift in Sources */,
				FEAFE9F42573E24F0066F9B4 /* CollectionViewCell.swift in Sources */,
				FE51FE252572A7D50085FC93 /* ViewController.swift in Sources */,
				FE51FE212572A7D50085FC93 /* AppDelegate.swift in Sources */,
				FE51FE232572A7D50085FC93 /* SceneDelegate.swift in Sources */,
			);
			runOnlyForDeploymentPostprocessing = 0;
		};
/* End PBXSourcesBuildPhase section */

/* Begin PBXVariantGroup section */
		FE51FE262572A7D50085FC93 /* Main.storyboard */ = {
			isa = PBXVariantGroup;
			children = (
				FE51FE272572A7D50085FC93 /* Base */,
			);
			name = Main.storyboard;
			sourceTree = "<group>";
		};
		FE51FE2B2572A7D50085FC93 /* LaunchScreen.storyboard */ = {
			isa = PBXVariantGroup;
			children = (
				FE51FE2C2572A7D50085FC93 /* Base */,
			);
			name = LaunchScreen.storyboard;
			sourceTree = "<group>";
		};
/* End PBXVariantGroup section */

/* Begin XCBuildConfiguration section */
		FE51FE2F2572A7D50085FC93 /* Debug */ = {
			isa = XCBuildConfiguration;
			buildSettings = {
				ALWAYS_SEARCH_USER_PATHS = NO;
				CLANG_ANALYZER_NONNULL = YES;
				CLANG_ANALYZER_NUMBER_OBJECT_CONVERSION = YES_AGGRESSIVE;
				CLANG_CXX_LANGUAGE_STANDARD = "gnu++14";
				CLANG_CXX_LIBRARY = "libc++";
				CLANG_ENABLE_MODULES = YES;
				CLANG_ENABLE_OBJC_ARC = YES;
				CLANG_ENABLE_OBJC_WEAK = YES;
				CLANG_WARN_BLOCK_CAPTURE_AUTORELEASING = YES;
				CLANG_WARN_BOOL_CONVERSION = YES;
				CLANG_WARN_COMMA = YES;
				CLANG_WARN_CONSTANT_CONVERSION = YES;
				CLANG_WARN_DEPRECATED_OBJC_IMPLEMENTATIONS = YES;
				CLANG_WARN_DIRECT_OBJC_ISA_USAGE = YES_ERROR;
				CLANG_WARN_DOCUMENTATION_COMMENTS = YES;
				CLANG_WARN_EMPTY_BODY = YES;
				CLANG_WARN_ENUM_CONVERSION = YES;
				CLANG_WARN_INFINITE_RECURSION = YES;
				CLANG_WARN_INT_CONVERSION = YES;
				CLANG_WARN_NON_LITERAL_NULL_CONVERSION = YES;
				CLANG_WARN_OBJC_IMPLICIT_RETAIN_SELF = YES;
				CLANG_WARN_OBJC_LITERAL_CONVERSION = YES;
				CLANG_WARN_OBJC_ROOT_CLASS = YES_ERROR;
				CLANG_WARN_QUOTED_INCLUDE_IN_FRAMEWORK_HEADER = YES;
				CLANG_WARN_RANGE_LOOP_ANALYSIS = YES;
				CLANG_WARN_STRICT_PROTOTYPES = YES;
				CLANG_WARN_SUSPICIOUS_MOVE = YES;
				CLANG_WARN_UNGUARDED_AVAILABILITY = YES_AGGRESSIVE;
				CLANG_WARN_UNREACHABLE_CODE = YES;
				CLANG_WARN__DUPLICATE_METHOD_MATCH = YES;
				COPY_PHASE_STRIP = NO;
				DEBUG_INFORMATION_FORMAT = dwarf;
				ENABLE_STRICT_OBJC_MSGSEND = YES;
				ENABLE_TESTABILITY = YES;
				GCC_C_LANGUAGE_STANDARD = gnu11;
				GCC_DYNAMIC_NO_PIC = NO;
				GCC_NO_COMMON_BLOCKS = YES;
				GCC_OPTIMIZATION_LEVEL = 0;
				GCC_PREPROCESSOR_DEFINITIONS = (
					"DEBUG=1",
					"$(inherited)",
				);
				GCC_WARN_64_TO_32_BIT_CONVERSION = YES;
				GCC_WARN_ABOUT_RETURN_TYPE = YES_ERROR;
				GCC_WARN_UNDECLARED_SELECTOR = YES;
				GCC_WARN_UNINITIALIZED_AUTOS = YES_AGGRESSIVE;
				GCC_WARN_UNUSED_FUNCTION = YES;
				GCC_WARN_UNUSED_VARIABLE = YES;
				IPHONEOS_DEPLOYMENT_TARGET = 14.2;
				MTL_ENABLE_DEBUG_INFO = INCLUDE_SOURCE;
				MTL_FAST_MATH = YES;
				ONLY_ACTIVE_ARCH = YES;
				SDKROOT = iphoneos;
				SWIFT_ACTIVE_COMPILATION_CONDITIONS = DEBUG;
				SWIFT_OPTIMIZATION_LEVEL = "-Onone";
			};
			name = Debug;
		};
		FE51FE302572A7D50085FC93 /* Release */ = {
			isa = XCBuildConfiguration;
			buildSettings = {
				ALWAYS_SEARCH_USER_PATHS = NO;
				CLANG_ANALYZER_NONNULL = YES;
				CLANG_ANALYZER_NUMBER_OBJECT_CONVERSION = YES_AGGRESSIVE;
				CLANG_CXX_LANGUAGE_STANDARD = "gnu++14";
				CLANG_CXX_LIBRARY = "libc++";
				CLANG_ENABLE_MODULES = YES;
				CLANG_ENABLE_OBJC_ARC = YES;
				CLANG_ENABLE_OBJC_WEAK = YES;
				CLANG_WARN_BLOCK_CAPTURE_AUTORELEASING = YES;
				CLANG_WARN_BOOL_CONVERSION = YES;
				CLANG_WARN_COMMA = YES;
				CLANG_WARN_CONSTANT_CONVERSION = YES;
				CLANG_WARN_DEPRECATED_OBJC_IMPLEMENTATIONS = YES;
				CLANG_WARN_DIRECT_OBJC_ISA_USAGE = YES_ERROR;
				CLANG_WARN_DOCUMENTATION_COMMENTS = YES;
				CLANG_WARN_EMPTY_BODY = YES;
				CLANG_WARN_ENUM_CONVERSION = YES;
				CLANG_WARN_INFINITE_RECURSION = YES;
				CLANG_WARN_INT_CONVERSION = YES;
				CLANG_WARN_NON_LITERAL_NULL_CONVERSION = YES;
				CLANG_WARN_OBJC_IMPLICIT_RETAIN_SELF = YES;
				CLANG_WARN_OBJC_LITERAL_CONVERSION = YES;
				CLANG_WARN_OBJC_ROOT_CLASS = YES_ERROR;
				CLANG_WARN_QUOTED_INCLUDE_IN_FRAMEWORK_HEADER = YES;
				CLANG_WARN_RANGE_LOOP_ANALYSIS = YES;
				CLANG_WARN_STRICT_PROTOTYPES = YES;
				CLANG_WARN_SUSPICIOUS_MOVE = YES;
				CLANG_WARN_UNGUARDED_AVAILABILITY = YES_AGGRESSIVE;
				CLANG_WARN_UNREACHABLE_CODE = YES;
				CLANG_WARN__DUPLICATE_METHOD_MATCH = YES;
				COPY_PHASE_STRIP = NO;
				DEBUG_INFORMATION_FORMAT = "dwarf-with-dsym";
				ENABLE_NS_ASSERTIONS = NO;
				ENABLE_STRICT_OBJC_MSGSEND = YES;
				GCC_C_LANGUAGE_STANDARD = gnu11;
				GCC_NO_COMMON_BLOCKS = YES;
				GCC_WARN_64_TO_32_BIT_CONVERSION = YES;
				GCC_WARN_ABOUT_RETURN_TYPE = YES_ERROR;
				GCC_WARN_UNDECLARED_SELECTOR = YES;
				GCC_WARN_UNINITIALIZED_AUTOS = YES_AGGRESSIVE;
				GCC_WARN_UNUSED_FUNCTION = YES;
				GCC_WARN_UNUSED_VARIABLE = YES;
				IPHONEOS_DEPLOYMENT_TARGET = 14.2;
				MTL_ENABLE_DEBUG_INFO = NO;
				MTL_FAST_MATH = YES;
				SDKROOT = iphoneos;
				SWIFT_COMPILATION_MODE = wholemodule;
				SWIFT_OPTIMIZATION_LEVEL = "-O";
				VALIDATE_PRODUCT = YES;
			};
			name = Release;
		};
		FE51FE322572A7D50085FC93 /* Debug */ = {
			isa = XCBuildConfiguration;
			buildSettings = {
				ASSETCATALOG_COMPILER_APPICON_NAME = AppIcon;
				ASSETCATALOG_COMPILER_GLOBAL_ACCENT_COLOR_NAME = AccentColor;
				CODE_SIGN_STYLE = Automatic;
				DEVELOPMENT_TEAM = QZZ5827BGY;
				INFOPLIST_FILE = "Lesson 5/Info.plist";
				IPHONEOS_DEPLOYMENT_TARGET = 13.1;
				LD_RUNPATH_SEARCH_PATHS = (
					"$(inherited)",
					"@executable_path/Frameworks",
				);
				PRODUCT_BUNDLE_IDENTIFIER = "t.begishev.Lesson-5";
				PRODUCT_NAME = "$(TARGET_NAME)";
				SWIFT_VERSION = 5.0;
				TARGETED_DEVICE_FAMILY = 1;
			};
			name = Debug;
		};
		FE51FE332572A7D50085FC93 /* Release */ = {
			isa = XCBuildConfiguration;
			buildSettings = {
				ASSETCATALOG_COMPILER_APPICON_NAME = AppIcon;
				ASSETCATALOG_COMPILER_GLOBAL_ACCENT_COLOR_NAME = AccentColor;
				CODE_SIGN_STYLE = Automatic;
				DEVELOPMENT_TEAM = QZZ5827BGY;
				INFOPLIST_FILE = "Lesson 5/Info.plist";
				IPHONEOS_DEPLOYMENT_TARGET = 13.1;
				LD_RUNPATH_SEARCH_PATHS = (
					"$(inherited)",
					"@executable_path/Frameworks",
				);
				PRODUCT_BUNDLE_IDENTIFIER = "t.begishev.Lesson-5";
				PRODUCT_NAME = "$(TARGET_NAME)";
				SWIFT_VERSION = 5.0;
				TARGETED_DEVICE_FAMILY = 1;
			};
			name = Release;
		};
/* End XCBuildConfiguration section */

/* Begin XCConfigurationList section */
		FE51FE182572A7D50085FC93 /* Build configuration list for PBXProject "Lesson 5" */ = {
			isa = XCConfigurationList;
			buildConfigurations = (
				FE51FE2F2572A7D50085FC93 /* Debug */,
				FE51FE302572A7D50085FC93 /* Release */,
			);
			defaultConfigurationIsVisible = 0;
			defaultConfigurationName = Release;
		};
		FE51FE312572A7D50085FC93 /* Build configuration list for PBXNativeTarget "Lesson 5" */ = {
			isa = XCConfigurationList;
			buildConfigurations = (
				FE51FE322572A7D50085FC93 /* Debug */,
				FE51FE332572A7D50085FC93 /* Release */,
			);
			defaultConfigurationIsVisible = 0;
			defaultConfigurationName = Release;
		};
/* End XCConfigurationList section */
	};
	rootObject = FE51FE152572A7D50085FC93 /* Project object */;
}
